# THIS IS AN AUTOGENERATED FILE. DO NOT EDIT THIS FILE DIRECTLY.
# yarn lockfile v1


"@babel/code-frame@^7.0.0":
  version "7.0.0"
  resolved "https://npm.togedo.com/@babel%2fcode-frame/-/code-frame-7.0.0.tgz#06e2ab19bdb535385559aabb5ba59729482800f8"
  integrity sha512-OfC2uemaknXr87bdLUkWog7nYuliM9Ij5HUcajsVcMCpQrcLmtxRbVFTIqmcSkSeYRBFBRxs2FiUqFJDLdiebA==
  dependencies:
    "@babel/highlight" "^7.0.0"

"@babel/generator@^7.4.4":
  version "7.4.4"
  resolved "https://npm.togedo.com/@babel%2fgenerator/-/generator-7.4.4.tgz#174a215eb843fc392c7edcaabeaa873de6e8f041"
  integrity sha512-53UOLK6TVNqKxf7RUh8NE851EHRxOOeVXKbK2bivdb+iziMyk03Sr4eaE9OELCbyZAAafAKPDwF2TPUES5QbxQ==
  dependencies:
    "@babel/types" "^7.4.4"
    jsesc "^2.5.1"
    lodash "^4.17.11"
    source-map "^0.5.0"
    trim-right "^1.0.1"

"@babel/helper-annotate-as-pure@^7.0.0":
  version "7.0.0"
  resolved "https://npm.togedo.com/@babel%2fhelper-annotate-as-pure/-/helper-annotate-as-pure-7.0.0.tgz#323d39dd0b50e10c7c06ca7d7638e6864d8c5c32"
  integrity sha512-3UYcJUj9kvSLbLbUIfQTqzcy5VX7GRZ/CCDrnOaZorFFM01aXp1+GJwuFGV4NDDoAS+mOUyHcO6UD/RfqOks3Q==
  dependencies:
    "@babel/types" "^7.0.0"

"@babel/helper-function-name@^7.1.0":
  version "7.1.0"
  resolved "https://npm.togedo.com/@babel%2fhelper-function-name/-/helper-function-name-7.1.0.tgz#a0ceb01685f73355d4360c1247f582bfafc8ff53"
  integrity sha512-A95XEoCpb3TO+KZzJ4S/5uW5fNe26DjBGqf1o9ucyLyCmi1dXq/B3c8iaWTfBk3VvetUxl16e8tIrd5teOCfGw==
  dependencies:
    "@babel/helper-get-function-arity" "^7.0.0"
    "@babel/template" "^7.1.0"
    "@babel/types" "^7.0.0"

"@babel/helper-get-function-arity@^7.0.0":
  version "7.0.0"
  resolved "https://npm.togedo.com/@babel%2fhelper-get-function-arity/-/helper-get-function-arity-7.0.0.tgz#83572d4320e2a4657263734113c42868b64e49c3"
  integrity sha512-r2DbJeg4svYvt3HOS74U4eWKsUAMRH01Z1ds1zx8KNTPtpTL5JAsdFv8BNyOpVqdFhHkkRDIg5B4AsxmkjAlmQ==
  dependencies:
    "@babel/types" "^7.0.0"

"@babel/helper-module-imports@^7.0.0":
  version "7.0.0"
  resolved "https://npm.togedo.com/@babel%2fhelper-module-imports/-/helper-module-imports-7.0.0.tgz#96081b7111e486da4d2cd971ad1a4fe216cc2e3d"
  integrity sha512-aP/hlLq01DWNEiDg4Jn23i+CXxW/owM4WpDLFUbpjxe4NS3BhLVZQ5i7E0ZrxuQ/vwekIeciyamgB1UIYxxM6A==
  dependencies:
    "@babel/types" "^7.0.0"

"@babel/helper-split-export-declaration@^7.4.4":
  version "7.4.4"
  resolved "https://npm.togedo.com/@babel%2fhelper-split-export-declaration/-/helper-split-export-declaration-7.4.4.tgz#ff94894a340be78f53f06af038b205c49d993677"
  integrity sha512-Ro/XkzLf3JFITkW6b+hNxzZ1n5OQ80NvIUdmHspih1XAhtN3vPTuUFT4eQnela+2MaZ5ulH+iyP513KJrxbN7Q==
  dependencies:
    "@babel/types" "^7.4.4"

"@babel/highlight@^7.0.0":
  version "7.0.0"
  resolved "https://npm.togedo.com/@babel%2fhighlight/-/highlight-7.0.0.tgz#f710c38c8d458e6dd9a201afb637fcb781ce99e4"
  integrity sha512-UFMC4ZeFC48Tpvj7C8UgLvtkaUuovQX+5xNWrsIoMG8o2z+XFKjKaN9iVmS84dPwVN00W4wPmqvYoZF3EGAsfw==
  dependencies:
    chalk "^2.0.0"
    esutils "^2.0.2"
    js-tokens "^4.0.0"

"@babel/parser@^7.4.4", "@babel/parser@^7.4.5":
  version "7.4.5"
  resolved "https://npm.togedo.com/@babel%2fparser/-/parser-7.4.5.tgz#04af8d5d5a2b044a2a1bffacc1e5e6673544e872"
  integrity sha512-9mUqkL1FF5T7f0WDFfAoDdiMVPWsdD1gZYzSnaXsxUCUqzuch/8of9G3VUSNiZmMBoRxT3neyVsqeiL/ZPcjew==

"@babel/runtime@^7.1.2":
  version "7.4.5"
  resolved "https://npm.togedo.com/@babel%2fruntime/-/runtime-7.4.5.tgz#582bb531f5f9dc67d2fcb682979894f75e253f12"
  integrity sha512-TuI4qpWZP6lGOGIuGWtp9sPluqYICmbk8T/1vpSysqJxRPkudh/ofFWyqdcMsDf2s7KvDL4/YHgKyvcS3g9CJQ==
  dependencies:
    regenerator-runtime "^0.13.2"

"@babel/template@^7.1.0":
  version "7.4.4"
  resolved "https://npm.togedo.com/@babel%2ftemplate/-/template-7.4.4.tgz#f4b88d1225689a08f5bc3a17483545be9e4ed237"
  integrity sha512-CiGzLN9KgAvgZsnivND7rkA+AeJ9JB0ciPOD4U59GKbQP2iQl+olF1l76kJOupqidozfZ32ghwBEJDhnk9MEcw==
  dependencies:
    "@babel/code-frame" "^7.0.0"
    "@babel/parser" "^7.4.4"
    "@babel/types" "^7.4.4"

"@babel/traverse@^7.0.0":
  version "7.4.5"
  resolved "https://npm.togedo.com/@babel%2ftraverse/-/traverse-7.4.5.tgz#4e92d1728fd2f1897dafdd321efbff92156c3216"
  integrity sha512-Vc+qjynwkjRmIFGxy0KYoPj4FdVDxLej89kMHFsWScq999uX+pwcX4v9mWRjW0KcAYTPAuVQl2LKP1wEVLsp+A==
  dependencies:
    "@babel/code-frame" "^7.0.0"
    "@babel/generator" "^7.4.4"
    "@babel/helper-function-name" "^7.1.0"
    "@babel/helper-split-export-declaration" "^7.4.4"
    "@babel/parser" "^7.4.5"
    "@babel/types" "^7.4.4"
    debug "^4.1.0"
    globals "^11.1.0"
    lodash "^4.17.11"

"@babel/types@^7.0.0", "@babel/types@^7.4.4":
  version "7.4.4"
  resolved "https://npm.togedo.com/@babel%2ftypes/-/types-7.4.4.tgz#8db9e9a629bb7c29370009b4b779ed93fe57d5f0"
  integrity sha512-dOllgYdnEFOebhkKCjzSVFqw/PmmB8pH6RGOWkY4GsboQNd47b1fBThBSwlHAq9alF9vc1M3+6oqR47R50L0tQ==
  dependencies:
    esutils "^2.0.2"
    lodash "^4.17.11"
    to-fast-properties "^2.0.0"

"@emotion/is-prop-valid@^0.8.1":
  version "0.8.2"
  resolved "https://npm.togedo.com/@emotion%2fis-prop-valid/-/is-prop-valid-0.8.2.tgz#b9692080da79041683021fcc32f96b40c54c59dc"
  integrity sha512-ZQIMAA2kLUWiUeMZNJDTeCwYRx1l8SQL0kHktze4COT22occKpDML1GDUXP5/sxhOMrZO8vZw773ni4H5Snrsg==
  dependencies:
    "@emotion/memoize" "0.7.2"

"@emotion/memoize@0.7.2":
  version "0.7.2"
  resolved "https://npm.togedo.com/@emotion%2fmemoize/-/memoize-0.7.2.tgz#7f4c71b7654068dfcccad29553520f984cc66b30"
  integrity sha512-hnHhwQzvPCW1QjBWFyBtsETdllOM92BfrKWbUTmh9aeOlcVOiXvlPsK4104xH8NsaKfg86PTFsWkueQeUfMA/w==

"@emotion/unitless@^0.7.0":
  version "0.7.4"
  resolved "https://npm.togedo.com/@emotion%2funitless/-/unitless-0.7.4.tgz#a87b4b04e5ae14a88d48ebef15015f6b7d1f5677"
  integrity sha512-kBa+cDHOR9jpRJ+kcGMsysrls0leukrm68DmFQoMIWQcXdr2cZvyvypWuGYT7U+9kAExUE7+T7r6G3C3A6L8MQ==

ansi-styles@^3.2.1:
  version "3.2.1"
  resolved "https://npm.togedo.com/ansi-styles/-/ansi-styles-3.2.1.tgz#41fbb20243e50b12be0f04b8dedbf07520ce841d"
  integrity sha512-VT0ZI6kZRdTh8YyJw3SMbYm/u+NqfsAxEpWO0Pf9sq8/e94WxxOpPKx9FR1FlyCtOVDNOQ+8ntlqFxiRc+r5qA==
  dependencies:
    color-convert "^1.9.0"

autosize@^4.0.2:
  version "4.0.2"
  resolved "https://npm.togedo.com/autosize/-/autosize-4.0.2.tgz#073cfd07c8bf45da4b9fd153437f5bafbba1e4c9"
  integrity sha512-jnSyH2d+qdfPGpWlcuhGiHmqBJ6g3X+8T+iRwFrHPLVcdoGJE/x6Qicm6aDHfTsbgZKxyV8UU/YB2p4cjKDRRA==

"babel-plugin-styled-components@>= 1":
  version "1.10.5"
  resolved "https://npm.togedo.com/babel-plugin-styled-components/-/babel-plugin-styled-components-1.10.5.tgz#fc1d0929b8248026985ab312d1fc590d0b3a1ef4"
  integrity sha512-FmQdLOJ6oPilWEnwf4Yp5guKr0pBYhrmWZDyjBI2Edr91M4yWTHboS8hvwcTnZkF5ZwS7C0uzIqKQiR+vdoqdA==
  dependencies:
    "@babel/helper-annotate-as-pure" "^7.0.0"
    "@babel/helper-module-imports" "^7.0.0"
    babel-plugin-syntax-jsx "^6.18.0"
    lodash "^4.17.11"

babel-plugin-syntax-jsx@^6.18.0:
  version "6.18.0"
  resolved "https://npm.togedo.com/babel-plugin-syntax-jsx/-/babel-plugin-syntax-jsx-6.18.0.tgz#0af32a9a6e13ca7a3fd5069e62d7b0f58d0d8946"
  integrity sha1-CvMqmm4Tyno/1QaeYtew9Y0NiUY=

bs-platform@^5.2.1:
  version "5.2.1"
  resolved "https://npm.togedo.com/bs-platform/-/bs-platform-5.2.1.tgz#3f76f6d4f4c7255296375a8104c8be332770b691"
  integrity sha512-3ISP+RBC/NYILiJnphCY0W3RTYpQ11JGa2dBBLVug5fpFZ0qtSaL3ZplD8MyjNeXX2bC7xgrWfgBSn8Tc9om7Q==

camelize@^1.0.0:
  version "1.0.0"
  resolved "https://npm.togedo.com/camelize/-/camelize-1.0.0.tgz#164a5483e630fa4321e5af07020e531831b2609b"
  integrity sha1-FkpUg+Yw+kMh5a8HAg5TGDGyYJs=

chalk@^2.0.0:
  version "2.4.2"
  resolved "https://npm.togedo.com/chalk/-/chalk-2.4.2.tgz#cd42541677a54333cf541a49108c1432b44c9424"
  integrity sha512-Mti+f9lpJNcwF4tWV8/OrTTtF1gZi+f8FqlyAdouralcFWFQWF2+NgCHShjkCb+IFBLq9buZwE1xckQU4peSuQ==
  dependencies:
    ansi-styles "^3.2.1"
    escape-string-regexp "^1.0.5"
    supports-color "^5.3.0"

"classnames@>= 2.0", classnames@^2.2.6:
  version "2.2.6"
  resolved "https://npm.togedo.com/classnames/-/classnames-2.2.6.tgz#43935bffdd291f326dad0a205309b38d00f650ce"
  integrity sha512-JR/iSQOSt+LQIWwrwEzJ9uk0xfN3mTVYMwt1Ir5mUcSN6pU+V4zQFFaJsclJbPuAUQH+yfWef6tm7l1quW3C8Q==

color-convert@^1.9.0:
  version "1.9.3"
  resolved "https://npm.togedo.com/color-convert/-/color-convert-1.9.3.tgz#bb71850690e1f136567de629d2d5471deda4c1e8"
  integrity sha512-QfAUtd+vFdAtFQcC8CCyYt1fYWxSqAiK2cSD6zDB8N3cpsEBAvRxp9zOGg6G/SHHJYAT88/az/IuDGALsNVbGg==
  dependencies:
    color-name "1.1.3"

color-name@1.1.3:
  version "1.1.3"
  resolved "https://npm.togedo.com/color-name/-/color-name-1.1.3.tgz#a7d0558bd89c42f795dd42328f740831ca53bc25"
  integrity sha1-p9BVi9icQveV3UIyj3QIMcpTvCU=

css-color-keywords@^1.0.0:
  version "1.0.0"
  resolved "https://npm.togedo.com/css-color-keywords/-/css-color-keywords-1.0.0.tgz#fea2616dc676b2962686b3af8dbdbe180b244e05"
  integrity sha1-/qJhbcZ2spYmhrOvjb2+GAskTgU=

css-to-react-native@^2.2.2:
  version "2.3.1"
  resolved "https://npm.togedo.com/css-to-react-native/-/css-to-react-native-2.3.1.tgz#cf0f61e0514846e2d4dc188b0886e29d8bef64a2"
  integrity sha512-yO+oEx1Lf+hDKasqQRVrAvzMCz825Huh1VMlEEDlRWyAhFb/FWb6I0KpEF1PkyKQ7NEdcx9d5M2ZEWgJAsgPvQ==
  dependencies:
    camelize "^1.0.0"
    css-color-keywords "^1.0.0"
    postcss-value-parser "^3.3.0"

debug@^4.1.0:
  version "4.1.1"
  resolved "https://npm.togedo.com/debug/-/debug-4.1.1.tgz#3b72260255109c6b589cee050f1d516139664791"
  integrity sha512-pYAIzeRo8J6KPEaJ0VWOh5Pzkbw/RetuzehGM7QRRX5he4fPHx2rdKMB256ehJCkX+XRQm16eZLqLNS8RSZXZw==
  dependencies:
    ms "^2.1.1"

deep-diff@^0.3.5:
  version "0.3.8"
  resolved "https://npm.togedo.com/deep-diff/-/deep-diff-0.3.8.tgz#c01de63efb0eec9798801d40c7e0dae25b582c84"
  integrity sha1-wB3mPvsO7JeYgB1Ax+Da4ltYLIQ=

escape-string-regexp@^1.0.5:
  version "1.0.5"
  resolved "https://npm.togedo.com/escape-string-regexp/-/escape-string-regexp-1.0.5.tgz#1b61c0562190a8dff6ae3bb2cf0200ca130b86d4"
  integrity sha1-G2HAViGQqN/2rjuyzwIAyhMLhtQ=

esutils@^2.0.2:
  version "2.0.2"
  resolved "https://npm.togedo.com/esutils/-/esutils-2.0.2.tgz#0abf4f1caa5bcb1f7a9d8acc6dea4faaa04bac9b"
  integrity sha1-Cr9PHKpbyx96nYrMbepPqqBLrJs=

globals@^11.1.0:
  version "11.12.0"
  resolved "https://npm.togedo.com/globals/-/globals-11.12.0.tgz#ab8795338868a0babd8525758018c2a7eb95c42e"
  integrity sha512-WOBp/EEGUiIsJSp7wcv/y6MO+lV9UoncWqxuFfm8eBwzWNgyfBd6Gz+IeKQ9jCmyhoH99g15M3T+QaVHFjizVA==

has-flag@^3.0.0:
  version "3.0.0"
  resolved "https://npm.togedo.com/has-flag/-/has-flag-3.0.0.tgz#b5d454dc2199ae225699f3467e5a07f3b955bafd"
  integrity sha1-tdRU3CGZriJWmfNGfloH87lVuv0=

hoist-non-react-statics@^3.1.0:
  version "3.3.0"
  resolved "https://npm.togedo.com/hoist-non-react-statics/-/hoist-non-react-statics-3.3.0.tgz#b09178f0122184fb95acf525daaecb4d8f45958b"
  integrity sha512-0XsbTXxgiaCDYDIWFcwkmerZPSwywfUqYmwT4jzewKTQSWoE6FCMoUVOeBJWK3E/CrWbxRG3m5GzY4lnIwGRBA==
  dependencies:
    react-is "^16.7.0"

immutability-helper@^2.8.1:
  version "2.9.1"
  resolved "https://npm.togedo.com/immutability-helper/-/immutability-helper-2.9.1.tgz#71c423ba387e67b6c6ceba0650572f2a2a6727df"
  integrity sha512-r/RmRG8xO06s/k+PIaif2r5rGc3j4Yhc01jSBfwPCXDLYZwp/yxralI37Df1mwmuzcCsen/E/ITKcTEvc1PQmQ==
  dependencies:
    invariant "^2.2.0"

invariant@^2.2.0, invariant@^2.2.4:
  version "2.2.4"
  resolved "https://npm.togedo.com/invariant/-/invariant-2.2.4.tgz#610f3c92c9359ce1db616e538008d23ff35158e6"
  integrity sha512-phJfQVBuaJM5raOpJjSfkiD6BpbCE4Ns//LaXl6wGYtUBY83nWS6Rf9tXm2e8VaK60JEjYldbPif/A2B1C2gNA==
  dependencies:
    loose-envify "^1.0.0"

is-what@^3.2.3:
  version "3.2.3"
  resolved "https://npm.togedo.com/is-what/-/is-what-3.2.3.tgz#50f76f1bd8e56967e15765d1d34302513701997b"
  integrity sha512-c4syLgFnjXTH5qd82Fp/qtUIeM0wA69xbI0KH1QpurMIvDaZFrS8UtAa4U52Dc2qSznaMxHit0gErMp6A/Qk1w==

"js-tokens@^3.0.0 || ^4.0.0", js-tokens@^4.0.0:
  version "4.0.0"
  resolved "https://npm.togedo.com/js-tokens/-/js-tokens-4.0.0.tgz#19203fb59991df98e3a287050d4647cdeaf32499"

jsesc@^2.5.1:
  version "2.5.2"
  resolved "https://npm.togedo.com/jsesc/-/jsesc-2.5.2.tgz#80564d2e483dacf6e8ef209650a67df3f0c283a4"
  integrity sha512-OYu7XEzjkCQ3C5Ps3QIZsQfNpqoJyZZA99wd9aWd05NCtC5pWOkShK2mkL6HXQR6/Cy2lbNdPlZBpuQHXE63gA==

just-curry-it@^3.1.0:
  version "3.1.0"
  resolved "https://npm.togedo.com/just-curry-it/-/just-curry-it-3.1.0.tgz#ab59daed308a58b847ada166edd0a2d40766fbc5"
  integrity sha512-mjzgSOFzlrurlURaHVjnQodyPNvrHrf1TbQP2XU9NSqBtHQPuHZ+Eb6TAJP7ASeJN9h9K0KXoRTs8u6ouHBKvg==

lodash@^4.17.11:
  version "4.17.11"
  resolved "https://npm.togedo.com/lodash/-/lodash-4.17.11.tgz#b39ea6229ef607ecd89e2c8df12536891cac9b8d"
  integrity sha512-cQKh8igo5QUhZ7lg38DYWAxMvjSAKG0A8wGSVimP07SIUEK2UO+arSRKbRZWtelMtN5V0Hkwh5ryOto/SshYIg==

loose-envify@^1.0.0, loose-envify@^1.1.0, loose-envify@^1.4.0:
  version "1.4.0"
  resolved "https://npm.togedo.com/loose-envify/-/loose-envify-1.4.0.tgz#71ee51fa7be4caec1a63839f7e682d8132d30caf"
  dependencies:
    js-tokens "^3.0.0 || ^4.0.0"

memoize-one@^5.0.0:
  version "5.0.4"
  resolved "https://npm.togedo.com/memoize-one/-/memoize-one-5.0.4.tgz#005928aced5c43d890a4dfab18ca908b0ec92cbc"
  integrity sha512-P0z5IeAH6qHHGkJIXWw0xC2HNEgkx/9uWWBQw64FJj3/ol14VYdfVGWWr0fXfjhhv3TKVIqUq65os6O4GUNksA==

merge-anything@^2.2.4:
  version "2.2.5"
  resolved "https://npm.togedo.com/merge-anything/-/merge-anything-2.2.5.tgz#37ef13f36359ee64f09c657d2cef45f7e29493f9"
  integrity sha512-WgZGR7EQ1D8pyh57uKBbkPhUCJZLGdMzbDaxL4MDTJSGsvtpGdm8myr6DDtgJwT46xiFBlHqxbveDRpFBWlKWQ==
  dependencies:
    is-what "^3.2.3"

ms@^2.1.1:
  version "2.1.2"
  resolved "https://npm.togedo.com/ms/-/ms-2.1.2.tgz#d09d1f357b443f493382a8eb3ccd183872ae6009"
  integrity sha512-sGkPx+VjMtmA6MX27oA4FBFELFCZZ4S4XqeGOXCv68tT+jb3vk/RyaKWP0PTKyWtmLSM0b+adUTEvbs1PEaH2w==

object-assign@^4.1.1:
  version "4.1.1"
  resolved "https://npm.togedo.com/object-assign/-/object-assign-4.1.1.tgz#2109adc7965887cfc05cbbd442cac8bfbb360863"

postcss-value-parser@^3.3.0:
  version "3.3.1"
  resolved "https://npm.togedo.com/postcss-value-parser/-/postcss-value-parser-3.3.1.tgz#9ff822547e2893213cf1c30efa51ac5fd1ba8281"
  integrity sha512-pISE66AbVkp4fDQ7VHBwRNXzAAKJjw4Vw7nWI/+Q3vuly7SNfgYXvm6i5IgFylHGK5sP/xHAbB7N49OS4gWNyQ==

prop-types@^15.5.4, prop-types@^15.6.1, prop-types@^15.6.2, prop-types@^15.7.2:
  version "15.7.2"
  resolved "https://npm.togedo.com/prop-types/-/prop-types-15.7.2.tgz#52c41e75b8c87e72b9d9360e0206b99dcbffa6c5"
  dependencies:
    loose-envify "^1.4.0"
    object-assign "^4.1.1"
    react-is "^16.8.1"

react-click-outside@tj/react-click-outside:
  version "1.1.1"
  resolved "https://codeload.github.com/tj/react-click-outside/tar.gz/a833ddc5be47490307f9fcc6ed09d8c353108510"

"react-dom@>= 16.3", react-dom@>=16.8.1:
  version "16.8.6"
  resolved "https://npm.togedo.com/react-dom/-/react-dom-16.8.6.tgz#71d6303f631e8b0097f56165ef608f051ff6e10f"
  integrity sha512-1nL7PIq9LTL3fthPqwkvr2zY7phIPjYrT0jp4HjyEQrEROnw4dG41VVwi/wfoCneoleqrNX7iAD+pXebJZwrwA==
  dependencies:
    loose-envify "^1.1.0"
    object-assign "^4.1.1"
    prop-types "^15.6.2"
    scheduler "^0.13.6"

react-is@^16.6.0, react-is@^16.7.0, react-is@^16.8.1:
  version "16.8.6"
  resolved "https://npm.togedo.com/react-is/-/react-is-16.8.6.tgz#5bbc1e2d29141c9fbdfed456343fe2bc430a6a16"

react-lifecycles-compat@^3.0.0:
  version "3.0.4"
  resolved "https://npm.togedo.com/react-lifecycles-compat/-/react-lifecycles-compat-3.0.4.tgz#4f1a273afdfc8f3488a8c516bfda78f872352362"
  integrity sha512-fBASbA6LnOU9dOU2eW7aQ8xmYBSXUIWr+UmF9b1efZBazGNO+rcXT/icdKnYm2pTwcRylVUYwW7H1PHfLekVzA==

react-popopo@^2.1.9:
  version "2.1.9"
  resolved "https://npm.togedo.com/react-popopo/-/react-popopo-2.1.9.tgz#d93f70a8fb68227907d00c0cea4d8f5d321053ea"
  integrity sha512-zXOpcLSpaLZmBxhdtenJzQPLjY81XknVS/tXH4Kv5BBrnYIUPHvVdGmS7+o9s7DjCzzdK7AdVwtG+FVSO0cZ8g==
  dependencies:
    classnames ">= 2.0"
    prop-types "^15.7.2"
    react ">= 16.3"
    react-dom ">= 16.3"
    styled-components ">= 4.0"

react-redux@^5.0.7:
  version "5.1.1"
  resolved "https://npm.togedo.com/react-redux/-/react-redux-5.1.1.tgz#88e368682c7fa80e34e055cd7ac56f5936b0f52f"
  integrity sha512-LE7Ned+cv5qe7tMV5BPYkGQ5Lpg8gzgItK07c67yHvJ8t0iaD9kPFPAli/mYkiyJYrs2pJgExR2ZgsGqlrOApg==
  dependencies:
    "@babel/runtime" "^7.1.2"
    hoist-non-react-statics "^3.1.0"
    invariant "^2.2.4"
    loose-envify "^1.1.0"
    prop-types "^15.6.1"
    react-is "^16.6.0"
    react-lifecycles-compat "^3.0.0"

react-trello@^2.2.3:
  version "2.2.3"
  resolved "https://npm.togedo.com/react-trello/-/react-trello-2.2.3.tgz#a8018c3b4812902b6030dc1ef3b8123c270ace5c"
  integrity sha512-eB2BT3EJl7A30/+GcgKFnvhydSjMgzmvjPpx7MHgc5gmUuK2sbEzpNXtx9p7/eQC5dd10T7pnQa2muURp6ESCg==
  dependencies:
    autosize "^4.0.2"
    classnames "^2.2.6"
    immutability-helper "^2.8.1"
    lodash "^4.17.11"
    prop-types "^15.7.2"
    react-click-outside tj/react-click-outside
    react-popopo "^2.1.9"
    react-redux "^5.0.7"
    redux "^4.0.0"
    redux-actions "^2.6.1"
    redux-logger "^3.0.6"
    smooth-dnd "https://github.com/rcdexta/smooth-dnd"
    uuid "^3.3.2"

"react@>= 16.3", react@>=16.8.1:
  version "16.8.6"
  resolved "https://npm.togedo.com/react/-/react-16.8.6.tgz#ad6c3a9614fd3a4e9ef51117f54d888da01f2bbe"
  integrity sha512-pC0uMkhLaHm11ZSJULfOBqV4tIZkx87ZLvbbQYunNixAAvjnC+snJCg0XQXn9VIsttVsbZP/H/ewzgsd5fxKXw==
  dependencies:
    loose-envify "^1.1.0"
    object-assign "^4.1.1"
    prop-types "^15.6.2"
    scheduler "^0.13.6"

reason-react@>=0.7.0:
  version "0.7.0"
  resolved "https://npm.togedo.com/reason-react/-/reason-react-0.7.0.tgz#46a975c321e81cd51310d7b1a02418ca7667b0d6"
  dependencies:
    react ">=16.8.1"
    react-dom ">=16.8.1"

reduce-reducers@^0.4.3:
  version "0.4.3"
  resolved "https://npm.togedo.com/reduce-reducers/-/reduce-reducers-0.4.3.tgz#8e052618801cd8fc2714b4915adaa8937eb6d66c"
  integrity sha512-+CNMnI8QhgVMtAt54uQs3kUxC3Sybpa7Y63HR14uGLgI9/QR5ggHvpxwhGGe3wmx5V91YwqQIblN9k5lspAmGw==

redux-actions@^2.6.1:
  version "2.6.5"
  resolved "https://npm.togedo.com/redux-actions/-/redux-actions-2.6.5.tgz#bdca548768ee99832a63910c276def85e821a27e"
  integrity sha512-pFhEcWFTYNk7DhQgxMGnbsB1H2glqhQJRQrtPb96kD3hWiZRzXHwwmFPswg6V2MjraXRXWNmuP9P84tvdLAJmw==
  dependencies:
    invariant "^2.2.4"
    just-curry-it "^3.1.0"
    loose-envify "^1.4.0"
    reduce-reducers "^0.4.3"
    to-camel-case "^1.0.0"

redux-logger@^3.0.6:
  version "3.0.6"
  resolved "https://npm.togedo.com/redux-logger/-/redux-logger-3.0.6.tgz#f7555966f3098f3c88604c449cf0baf5778274bf"
  integrity sha1-91VZZvMJjzyIYExEnPC69XeCdL8=
  dependencies:
    deep-diff "^0.3.5"

redux@^4.0.0:
  version "4.0.1"
  resolved "https://npm.togedo.com/redux/-/redux-4.0.1.tgz#436cae6cc40fbe4727689d7c8fae44808f1bfef5"
  integrity sha512-R7bAtSkk7nY6O/OYMVR9RiBI+XghjF9rlbl5806HJbQph0LJVHZrU5oaO4q70eUKiqMRqm4y07KLTlMZ2BlVmg==
  dependencies:
    loose-envify "^1.4.0"
    symbol-observable "^1.2.0"

regenerator-runtime@^0.13.2:
  version "0.13.2"
  resolved "https://npm.togedo.com/regenerator-runtime/-/regenerator-runtime-0.13.2.tgz#32e59c9a6fb9b1a4aff09b4930ca2d4477343447"
  integrity sha512-S/TQAZJO+D3m9xeN1WTI8dLKBBiRgXBlTJvbWjCThHWZj9EvHK70Ff50/tYj2J/fvBY6JtFVwRuazHN2E7M9BA==

scheduler@^0.13.6:
  version "0.13.6"
  resolved "https://npm.togedo.com/scheduler/-/scheduler-0.13.6.tgz#466a4ec332467b31a91b9bf74e5347072e4cd889"
  dependencies:
    loose-envify "^1.1.0"
    object-assign "^4.1.1"

"smooth-dnd@https://github.com/rcdexta/smooth-dnd":
  version "0.6.3"
  resolved "https://github.com/rcdexta/smooth-dnd#f13924c67bf6ffe4613d97bb1ee83f11d364eb1e"

source-map@^0.5.0:
  version "0.5.7"
  resolved "https://npm.togedo.com/source-map/-/source-map-0.5.7.tgz#8a039d2d1021d22d1ea14c80d8ea468ba2ef3fcc"
  integrity sha1-igOdLRAh0i0eoUyA2OpGi6LvP8w=

"styled-components@>= 4.0", styled-components@^4.3.2:
  version "4.3.2"
  resolved "https://npm.togedo.com/styled-components/-/styled-components-4.3.2.tgz#4ca81918c812d3006f60ac5fdec7d6b64a9509cc"
  integrity sha512-NppHzIFavZ3TsIU3R1omtddJ0Bv1+j50AKh3ZWyXHuFvJq1I8qkQ5mZ7uQgD89Y8zJNx2qRo6RqAH1BmoVafHw==
  dependencies:
    "@babel/helper-module-imports" "^7.0.0"
    "@babel/traverse" "^7.0.0"
    "@emotion/is-prop-valid" "^0.8.1"
    "@emotion/unitless" "^0.7.0"
    babel-plugin-styled-components ">= 1"
    css-to-react-native "^2.2.2"
    memoize-one "^5.0.0"
    merge-anything "^2.2.4"
    prop-types "^15.5.4"
    react-is "^16.6.0"
    stylis "^3.5.0"
    stylis-rule-sheet "^0.0.10"
    supports-color "^5.5.0"

stylis-rule-sheet@^0.0.10:
  version "0.0.10"
  resolved "https://npm.togedo.com/stylis-rule-sheet/-/stylis-rule-sheet-0.0.10.tgz#44e64a2b076643f4b52e5ff71efc04d8c3c4a430"
  integrity sha512-nTbZoaqoBnmK+ptANthb10ZRZOGC+EmTLLUxeYIuHNkEKcmKgXX1XWKkUBT2Ac4es3NybooPe0SmvKdhKJZAuw==

stylis@^3.5.0:
  version "3.5.4"
  resolved "https://npm.togedo.com/stylis/-/stylis-3.5.4.tgz#f665f25f5e299cf3d64654ab949a57c768b73fbe"
  integrity sha512-8/3pSmthWM7lsPBKv7NXkzn2Uc9W7NotcwGNpJaa3k7WMM1XDCA4MgT5k/8BIexd5ydZdboXtU90XH9Ec4Bv/Q==

supports-color@^5.3.0, supports-color@^5.5.0:
  version "5.5.0"
  resolved "https://npm.togedo.com/supports-color/-/supports-color-5.5.0.tgz#e2e69a44ac8772f78a1ec0b35b689df6530efc8f"
  integrity sha512-QjVjwdXIt408MIiAqCX4oUKsgU2EqAGzs2Ppkm4aQYbjm+ZEWEcW4SfFNTr4uMNZma0ey4f5lgLrkB0aX0QMow==
  dependencies:
    has-flag "^3.0.0"

symbol-observable@^1.2.0:
  version "1.2.0"
  resolved "https://npm.togedo.com/symbol-observable/-/symbol-observable-1.2.0.tgz#c22688aed4eab3cdc2dfeacbb561660560a00804"
  integrity sha512-e900nM8RRtGhlV36KGEU9k65K3mPb1WV70OdjfxlG2EAuM1noi/E/BaW/uMhL7bPEssK8QV57vN3esixjUvcXQ==

to-camel-case@^1.0.0:
  version "1.0.0"
  resolved "https://npm.togedo.com/to-camel-case/-/to-camel-case-1.0.0.tgz#1a56054b2f9d696298ce66a60897322b6f423e46"
  integrity sha1-GlYFSy+daWKYzmamCJcyK29CPkY=
  dependencies:
    to-space-case "^1.0.0"

to-fast-properties@^2.0.0:
  version "2.0.0"
  resolved "https://npm.togedo.com/to-fast-properties/-/to-fast-properties-2.0.0.tgz#dc5e698cbd079265bc73e0377681a4e4e83f616e"
  integrity sha1-3F5pjL0HkmW8c+A3doGk5Og/YW4=

to-no-case@^1.0.0:
  version "1.0.2"
  resolved "https://npm.togedo.com/to-no-case/-/to-no-case-1.0.2.tgz#c722907164ef6b178132c8e69930212d1b4aa16a"
  integrity sha1-xyKQcWTvaxeBMsjmmTAhLRtKoWo=

to-space-case@^1.0.0:
  version "1.0.0"
  resolved "https://npm.togedo.com/to-space-case/-/to-space-case-1.0.0.tgz#b052daafb1b2b29dc770cea0163e5ec0ebc9fc17"
  integrity sha1-sFLar7Gysp3HcM6gFj5ewOvJ/Bc=
  dependencies:
    to-no-case "^1.0.0"

trim-right@^1.0.1:
  version "1.0.1"
  resolved "https://npm.togedo.com/trim-right/-/trim-right-1.0.1.tgz#cb2e1203067e0c8de1f614094b9fe45704ea6003"
  integrity sha1-yy4SAwZ+DI3h9hQJS5/kVwTqYAM=

uuid@^3.3.2:
  version "3.3.2"
  resolved "https://npm.togedo.com/uuid/-/uuid-3.3.2.tgz#1b4af4955eb3077c501c23872fc6513811587131"
  integrity sha512-yXJmeNaw3DnnKAOKJE51sL/ZaYfWJRl1pK9dr19YFCu0ObS231AB1/LbqTKRAQ5kw8A90rA6fr4riOUpTZvQZA==
